
Microsoft Visual Studio Solution File, Format Version 12.00
# Visual Studio Version 17
VisualStudioVersion = 17.2.32630.192
MinimumVisualStudioVersion = 10.0.40219.1
Project("{8BC9CEB8-8B4A-11D0-8D11-00A0C91BC942}") = "ConvertisseurBinDec", "ConvertisseurBinDec.vcxproj", "{598647ED-6DFF-4689-BEA3-9E1A9F06D575}"
EndProject
Global
	GlobalSection(SolutionConfigurationPlatforms) = preSolution
		Debug|x64 = Debug|x64
		Debug|x86 = Debug|x86
		Release|x64 = Release|x64
		Release|x86 = Release|x86
	EndGlobalSection
	GlobalSection(ProjectConfigurationPlatforms) = postSolution
		{598647ED-6DFF-4689-BEA3-9E1A9F06D575}.Debug|x64.ActiveCfg = Debug|x64
		{598647ED-6DFF-4689-BEA3-9E1A9F06D575}.Debug|x64.Build.0 = Debug|x64
		{598647ED-6DFF-4689-BEA3-9E1A9F06D575}.Debug|x86.ActiveCfg = Debug|Win32
		{598647ED-6DFF-4689-BEA3-9E1A9F06D575}.Debug|x86.Build.0 = Debug|Win32
		{598647ED-6DFF-4689-BEA3-9E1A9F06D575}.Release|x64.ActiveCfg = Release|x64
		{598647ED-6DFF-4689-BEA3-9E1A9F06D575}.Release|x64.Build.0 = Release|x64
		{598647ED-6DFF-4689-BEA3-9E1A9F06D575}.Release|x86.ActiveCfg = Release|Win32
		{598647ED-6DFF-4689-BEA3-9E1A9F06D575}.Release|x86.Build.0 = Release|Win32
	EndGlobalSection
	GlobalSection(SolutionProperties) = preSolution
		HideSolutionNode = FALSE
	EndGlobalSection
	GlobalSection(ExtensibilityGlobals) = postSolution
		SolutionGuid = {B60BDB21-5A7D-4FE2-AEE4-11104857F938}
	EndGlobalSection
EndGlobal
